
Microsoft Visual Studio Solution File, Format Version 12.00
# Visual Studio Version 17
VisualStudioVersion = 17.14.36202.13
MinimumVisualStudioVersion = 10.0.40219.1
Project("{FAE04EC0-301F-11D3-BF4B-00C04F79EFBC}") = "NordikAdventures", "NordikAdventures\NordikAdventures.csproj", "{71F02934-55DC-40A0-B719-69FFAEBD4302}"
	ProjectSection(ProjectDependencies) = postProject
		{58C89EF2-0F97-456C-9A25-2A1DF8148934} = {58C89EF2-0F97-456C-9A25-2A1DF8148934}
	EndProjectSection
EndProject
Project("{FAE04EC0-301F-11D3-BF4B-00C04F79EFBC}") = "NordikAdventuresAPI", "NordikAdventuresAPI\NordikAdventuresAPI.csproj", "{58C89EF2-0F97-456C-9A25-2A1DF8148934}"
EndProject
Global
	GlobalSection(SolutionConfigurationPlatforms) = preSolution
		Debug|Any CPU = Debug|Any CPU
		Release|Any CPU = Release|Any CPU
	EndGlobalSection
	GlobalSection(ProjectConfigurationPlatforms) = postSolution
		{71F02934-55DC-40A0-B719-69FFAEBD4302}.Debug|Any CPU.ActiveCfg = Debug|Any CPU
		{71F02934-55DC-40A0-B719-69FFAEBD4302}.Debug|Any CPU.Build.0 = Debug|Any CPU
		{71F02934-55DC-40A0-B719-69FFAEBD4302}.Release|Any CPU.ActiveCfg = Release|Any CPU
		{71F02934-55DC-40A0-B719-69FFAEBD4302}.Release|Any CPU.Build.0 = Release|Any CPU
		{58C89EF2-0F97-456C-9A25-2A1DF8148934}.Debug|Any CPU.ActiveCfg = Debug|Any CPU
		{58C89EF2-0F97-456C-9A25-2A1DF8148934}.Debug|Any CPU.Build.0 = Debug|Any CPU
		{58C89EF2-0F97-456C-9A25-2A1DF8148934}.Release|Any CPU.ActiveCfg = Release|Any CPU
		{58C89EF2-0F97-456C-9A25-2A1DF8148934}.Release|Any CPU.Build.0 = Release|Any CPU
	EndGlobalSection
	GlobalSection(SolutionProperties) = preSolution
		HideSolutionNode = FALSE
	EndGlobalSection
	GlobalSection(ExtensibilityGlobals) = postSolution
		SolutionGuid = {D5CE34B9-3262-49D9-B5C0-0539D88B286F}
	EndGlobalSection
EndGlobal
